# This file is automatically @generated by Cargo.
# It is not intended for manual editing.
[[package]]
name = "ash"
version = "0.29.0"
source = "registry+https://mirrors.ustc.edu.cn/crates.io-index/"
dependencies = [
 "shared_library 0.1.9 (registry+https://mirrors.ustc.edu.cn/crates.io-index/)",
]

[[package]]
name = "cc"
version = "1.0.45"
source = "registry+https://mirrors.ustc.edu.cn/crates.io-index/"

[[package]]
name = "cmake"
version = "0.1.42"
source = "registry+https://mirrors.ustc.edu.cn/crates.io-index/"
dependencies = [
 "cc 1.0.45 (registry+https://mirrors.ustc.edu.cn/crates.io-index/)",
]

[[package]]
name = "insdraw"
version = "0.1.0"
dependencies = [
 "ash 0.29.0 (registry+https://mirrors.ustc.edu.cn/crates.io-index/)",
 "shaderc 0.6.1 (registry+https://mirrors.ustc.edu.cn/crates.io-index/)",
]

[[package]]
name = "lazy_static"
version = "1.4.0"
source = "registry+https://mirrors.ustc.edu.cn/crates.io-index/"

[[package]]
name = "libc"
version = "0.2.62"
source = "registry+https://mirrors.ustc.edu.cn/crates.io-index/"

[[package]]
name = "shaderc"
version = "0.6.1"
source = "registry+https://mirrors.ustc.edu.cn/crates.io-index/"
dependencies = [
 "libc 0.2.62 (registry+https://mirrors.ustc.edu.cn/crates.io-index/)",
 "shaderc-sys 0.6.1 (registry+https://mirrors.ustc.edu.cn/crates.io-index/)",
]

[[package]]
name = "shaderc-sys"
version = "0.6.1"
source = "registry+https://mirrors.ustc.edu.cn/crates.io-index/"
dependencies = [
 "cmake 0.1.42 (registry+https://mirrors.ustc.edu.cn/crates.io-index/)",
 "libc 0.2.62 (registry+https://mirrors.ustc.edu.cn/crates.io-index/)",
]

[[package]]
name = "shared_library"
version = "0.1.9"
source = "registry+https://mirrors.ustc.edu.cn/crates.io-index/"
dependencies = [
 "lazy_static 1.4.0 (registry+https://mirrors.ustc.edu.cn/crates.io-index/)",
 "libc 0.2.62 (registry+https://mirrors.ustc.edu.cn/crates.io-index/)",
]

[metadata]
"checksum ash 0.29.0 (registry+https://mirrors.ustc.edu.cn/crates.io-index/)" = "003d1fb2eb12eb06d4a03dbe02eea67a9fac910fa97932ab9e3a75b96a1ea5e5"
"checksum cc 1.0.45 (registry+https://mirrors.ustc.edu.cn/crates.io-index/)" = "4fc9a35e1f4290eb9e5fc54ba6cf40671ed2a2514c3eeb2b2a908dda2ea5a1be"
"checksum cmake 0.1.42 (registry+https://mirrors.ustc.edu.cn/crates.io-index/)" = "81fb25b677f8bf1eb325017cb6bb8452f87969db0fedb4f757b297bee78a7c62"
"checksum lazy_static 1.4.0 (registry+https://mirrors.ustc.edu.cn/crates.io-index/)" = "e2abad23fbc42b3700f2f279844dc832adb2b2eb069b2df918f455c4e18cc646"
"checksum libc 0.2.62 (registry+https://mirrors.ustc.edu.cn/crates.io-index/)" = "34fcd2c08d2f832f376f4173a231990fa5aef4e99fb569867318a227ef4c06ba"
"checksum shaderc 0.6.1 (registry+https://mirrors.ustc.edu.cn/crates.io-index/)" = "6a4abc3402ee1b3054a847ad1efd2c7d2721c64caf1c03bed94c461d7a1635b4"
"checksum shaderc-sys 0.6.1 (registry+https://mirrors.ustc.edu.cn/crates.io-index/)" = "96874aafeb936b4c9b0c4fa1c79b1abdeac9289700efc5a313c3f65c95fa3f62"
"checksum shared_library 0.1.9 (registry+https://mirrors.ustc.edu.cn/crates.io-index/)" = "5a9e7e0f2bfae24d8a5b5a66c5b257a83c7412304311512a0c054cd5e619da11"
